github.com/madvikinggod/mod-experiment v0.2.0 h1:UE4K/LCfgMadD6QMaQCgcmUtxX65eKZesLgKRVzASqM=
github.com/madvikinggod/mod-experiment v0.2.0/go.mod h1:q3mvgcDoh9pAphp5yCS8Y2VIYi/uiTjUvSltYb6ylHE=
github.com/madvikinggod/mod-experiment/mod-dep v0.3.0 h1:D3J9uRkl9yvNXbmpOX3ZvFWWssCIHduM5INYKLzdppw=
github.com/madvikinggod/mod-experiment/mod-dep v0.3.0/go.mod h1:AGQ61f4VCvSJyhxtizR4zNnst5DCFgeMvMCyX1wfkM8=
