github.com/madvikinggod/mod-experiment v0.2.0 h1:UE4K/LCfgMadD6QMaQCgcmUtxX65eKZesLgKRVzASqM=
github.com/madvikinggod/mod-experiment v0.2.0/go.mod h1:q3mvgcDoh9pAphp5yCS8Y2VIYi/uiTjUvSltYb6ylHE=
github.com/madvikinggod/mod-experiment/retract v0.4.0 h1:WBMYRkFzKqe70jfr24YincGOMva2hUeHp0bXOlp71DI=
github.com/madvikinggod/mod-experiment/retract v0.4.0/go.mod h1:w1v/ntn4JeyEoJdpvzxDdkCfcIUG3R6kuTpxrSKKnh0=
